{
  "name": "downstream-fixture-dependent",
  "version": "1.0.0",
  "lockfileVersion": 3,
  "requires": true,
  "packages": {
    "": {
      "name": "downstream-fixture-dependent",
      "version": "1.0.0",
      "dependencies": {
        "downstream-fixture-upstream": "file:../npm-upstream"
      }
    },
    "node_modules/downstream-fixture-upstream": {
      "version": "1.0.0",
      "resolved": "file:../npm-upstream"
    }
  }
}
